
Microsoft Visual Studio Solution File, Format Version 12.00
# Visual Studio Version 17
VisualStudioVersion = 17.4.33403.182
MinimumVisualStudioVersion = 10.0.40219.1
Project("{9A19103F-16F7-4668-BE54-9A1E7A4F7556}") = "OcelotApp.RestApi.GatewayService", "OcelotApp.RestApi.GatewayService.csproj", "{40C2909D-C5F4-4186-B166-713EF3811B73}"
EndProject
Global
	GlobalSection(SolutionConfigurationPlatforms) = preSolution
		Debug|Any CPU = Debug|Any CPU
		Release|Any CPU = Release|Any CPU
	EndGlobalSection
	GlobalSection(ProjectConfigurationPlatforms) = postSolution
		{40C2909D-C5F4-4186-B166-713EF3811B73}.Debug|Any CPU.ActiveCfg = Debug|Any CPU
		{40C2909D-C5F4-4186-B166-713EF3811B73}.Debug|Any CPU.Build.0 = Debug|Any CPU
		{40C2909D-C5F4-4186-B166-713EF3811B73}.Release|Any CPU.ActiveCfg = Release|Any CPU
		{40C2909D-C5F4-4186-B166-713EF3811B73}.Release|Any CPU.Build.0 = Release|Any CPU
	EndGlobalSection
	GlobalSection(SolutionProperties) = preSolution
		HideSolutionNode = FALSE
	EndGlobalSection
	GlobalSection(ExtensibilityGlobals) = postSolution
		SolutionGuid = {24A957FA-19F6-447B-AD08-0B8B98096848}
	EndGlobalSection
EndGlobal
